
Microsoft Visual Studio Solution File, Format Version 12.00
# Visual Studio Version 17
VisualStudioVersion = 17.0.31903.59
MinimumVisualStudioVersion = 10.0.40219.1
Project("{2150E333-8FDC-42A3-9474-1A3956D46DE8}") = "src", "src", "{10770D01-5AC9-4148-B0CD-C240D41D1977}"
EndProject
Project("{2150E333-8FDC-42A3-9474-1A3956D46DE8}") = "tools", "tools", "{DEADEED1-1CB5-4B17-92AB-89CCDB3C00DE}"
EndProject
Project("{FAE04EC0-301F-11D3-BF4B-00C04F79EFBC}") = "ProbeWindows", "tools\ProbeWindows\ProbeWindows.csproj", "{2F971888-0990-4E28-90FB-88EEE9086F8E}"
EndProject
Project("{FAE04EC0-301F-11D3-BF4B-00C04F79EFBC}") = "ProbeBuds", "tools\ProbeBuds\ProbeBuds.csproj", "{1C9D6E0C-4104-4CE5-82AB-F6308BA670A8}"
EndProject
Project("{FAE04EC0-301F-11D3-BF4B-00C04F79EFBC}") = "BatteryBuddy.App", "src\BatteryBuddy.App\BatteryBuddy.App.csproj", "{490474AE-895B-42E5-8799-778F628370E3}"
EndProject
Project("{FAE04EC0-301F-11D3-BF4B-00C04F79EFBC}") = "BatteryBuddy.Devices", "src\BatteryBuddy.Devices\BatteryBuddy.Devices.csproj", "{28E96FDD-CCEE-414E-A254-E1A7B319EDB0}"
EndProject
Project("{FAE04EC0-301F-11D3-BF4B-00C04F79EFBC}") = "BatteryBuddy.Backend", "src\BatteryBuddy.Backend\BatteryBuddy.Backend.csproj", "{D338A4D6-F9F8-47E0-B04B-6D701D943B27}"
EndProject
Project("{FAE04EC0-301F-11D3-BF4B-00C04F79EFBC}") = "BatteryBuddy.Pet", "src\BatteryBuddy.Pet\BatteryBuddy.Pet.csproj", "{595E5BAC-60C4-47BF-9D2A-CED6B78D0E61}"
EndProject
Project("{FAE04EC0-301F-11D3-BF4B-00C04F79EFBC}") = "BatteryBuddy.Backends.Windows", "src\BatteryBuddy.Backends.Windows\BatteryBuddy.Backends.Windows.csproj", "{07B63E35-E2CD-4655-838D-3C3B98520B21}"
EndProject
Project("{FAE04EC0-301F-11D3-BF4B-00C04F79EFBC}") = "BatteryBuddy.Backends.GalaxyBuds", "src\BatteryBuddy.Backends.GalaxyBuds\BatteryBuddy.Backends.GalaxyBuds.csproj", "{DA5CC101-9BF3-45DD-A703-394E7CF5F1C1}"
EndProject
Project("{FAE04EC0-301F-11D3-BF4B-00C04F79EFBC}") = "BatteryBuddy.Backends.Logitech", "src\BatteryBuddy.Backends.Logitech\BatteryBuddy.Backends.Logitech.csproj", "{7725B3F1-E065-405F-AF26-1109C201996E}"
EndProject
Project("{2150E333-8FDC-42A3-9474-1A3956D46DE8}") = "tests", "tests", "{238CC835-A1B5-44A7-B871-F1615DCB3C71}"
EndProject
Project("{FAE04EC0-301F-11D3-BF4B-00C04F79EFBC}") = "BatteryBuddy.Tests", "tests\BatteryBuddy.Tests\BatteryBuddy.Tests.csproj", "{D940A283-347B-4AA2-A494-624285C8BB62}"
EndProject
Project("{FAE04EC0-301F-11D3-BF4B-00C04F79EFBC}") = "ProbeLogitech", "tools\ProbeLogitech\ProbeLogitech.csproj", "{A2E39F65-C4B9-4FDC-A8DD-F0CFFCD614EB}"
EndProject
Global
	GlobalSection(SolutionConfigurationPlatforms) = preSolution
		Debug|Any CPU = Debug|Any CPU
		Release|Any CPU = Release|Any CPU
	EndGlobalSection
	GlobalSection(SolutionProperties) = preSolution
		HideSolutionNode = FALSE
	EndGlobalSection
	GlobalSection(ProjectConfigurationPlatforms) = postSolution
		{2F971888-0990-4E28-90FB-88EEE9086F8E}.Debug|Any CPU.ActiveCfg = Debug|Any CPU
		{2F971888-0990-4E28-90FB-88EEE9086F8E}.Debug|Any CPU.Build.0 = Debug|Any CPU
		{2F971888-0990-4E28-90FB-88EEE9086F8E}.Release|Any CPU.ActiveCfg = Release|Any CPU
		{2F971888-0990-4E28-90FB-88EEE9086F8E}.Release|Any CPU.Build.0 = Release|Any CPU
		{1C9D6E0C-4104-4CE5-82AB-F6308BA670A8}.Debug|Any CPU.ActiveCfg = Debug|Any CPU
		{1C9D6E0C-4104-4CE5-82AB-F6308BA670A8}.Debug|Any CPU.Build.0 = Debug|Any CPU
		{1C9D6E0C-4104-4CE5-82AB-F6308BA670A8}.Release|Any CPU.ActiveCfg = Release|Any CPU
		{1C9D6E0C-4104-4CE5-82AB-F6308BA670A8}.Release|Any CPU.Build.0 = Release|Any CPU
		{490474AE-895B-42E5-8799-778F628370E3}.Debug|Any CPU.ActiveCfg = Debug|Any CPU
		{490474AE-895B-42E5-8799-778F628370E3}.Debug|Any CPU.Build.0 = Debug|Any CPU
		{490474AE-895B-42E5-8799-778F628370E3}.Release|Any CPU.ActiveCfg = Release|Any CPU
		{490474AE-895B-42E5-8799-778F628370E3}.Release|Any CPU.Build.0 = Release|Any CPU
		{28E96FDD-CCEE-414E-A254-E1A7B319EDB0}.Debug|Any CPU.ActiveCfg = Debug|Any CPU
		{28E96FDD-CCEE-414E-A254-E1A7B319EDB0}.Debug|Any CPU.Build.0 = Debug|Any CPU
		{28E96FDD-CCEE-414E-A254-E1A7B319EDB0}.Release|Any CPU.ActiveCfg = Release|Any CPU
		{28E96FDD-CCEE-414E-A254-E1A7B319EDB0}.Release|Any CPU.Build.0 = Release|Any CPU
		{D338A4D6-F9F8-47E0-B04B-6D701D943B27}.Debug|Any CPU.ActiveCfg = Debug|Any CPU
		{D338A4D6-F9F8-47E0-B04B-6D701D943B27}.Debug|Any CPU.Build.0 = Debug|Any CPU
		{D338A4D6-F9F8-47E0-B04B-6D701D943B27}.Release|Any CPU.ActiveCfg = Release|Any CPU
		{D338A4D6-F9F8-47E0-B04B-6D701D943B27}.Release|Any CPU.Build.0 = Release|Any CPU
		{595E5BAC-60C4-47BF-9D2A-CED6B78D0E61}.Debug|Any CPU.ActiveCfg = Debug|Any CPU
		{595E5BAC-60C4-47BF-9D2A-CED6B78D0E61}.Debug|Any CPU.Build.0 = Debug|Any CPU
		{595E5BAC-60C4-47BF-9D2A-CED6B78D0E61}.Release|Any CPU.ActiveCfg = Release|Any CPU
		{595E5BAC-60C4-47BF-9D2A-CED6B78D0E61}.Release|Any CPU.Build.0 = Release|Any CPU
		{07B63E35-E2CD-4655-838D-3C3B98520B21}.Debug|Any CPU.ActiveCfg = Debug|Any CPU
		{07B63E35-E2CD-4655-838D-3C3B98520B21}.Debug|Any CPU.Build.0 = Debug|Any CPU
		{07B63E35-E2CD-4655-838D-3C3B98520B21}.Release|Any CPU.ActiveCfg = Release|Any CPU
		{07B63E35-E2CD-4655-838D-3C3B98520B21}.Release|Any CPU.Build.0 = Release|Any CPU
		{DA5CC101-9BF3-45DD-A703-394E7CF5F1C1}.Debug|Any CPU.ActiveCfg = Debug|Any CPU
		{DA5CC101-9BF3-45DD-A703-394E7CF5F1C1}.Debug|Any CPU.Build.0 = Debug|Any CPU
		{DA5CC101-9BF3-45DD-A703-394E7CF5F1C1}.Release|Any CPU.ActiveCfg = Release|Any CPU
		{DA5CC101-9BF3-45DD-A703-394E7CF5F1C1}.Release|Any CPU.Build.0 = Release|Any CPU
		{7725B3F1-E065-405F-AF26-1109C201996E}.Debug|Any CPU.ActiveCfg = Debug|Any CPU
		{7725B3F1-E065-405F-AF26-1109C201996E}.Debug|Any CPU.Build.0 = Debug|Any CPU
		{7725B3F1-E065-405F-AF26-1109C201996E}.Release|Any CPU.ActiveCfg = Release|Any CPU
		{7725B3F1-E065-405F-AF26-1109C201996E}.Release|Any CPU.Build.0 = Release|Any CPU
		{D940A283-347B-4AA2-A494-624285C8BB62}.Debug|Any CPU.ActiveCfg = Debug|Any CPU
		{D940A283-347B-4AA2-A494-624285C8BB62}.Debug|Any CPU.Build.0 = Debug|Any CPU
		{D940A283-347B-4AA2-A494-624285C8BB62}.Release|Any CPU.ActiveCfg = Release|Any CPU
		{D940A283-347B-4AA2-A494-624285C8BB62}.Release|Any CPU.Build.0 = Release|Any CPU
		{A2E39F65-C4B9-4FDC-A8DD-F0CFFCD614EB}.Debug|Any CPU.ActiveCfg = Debug|Any CPU
		{A2E39F65-C4B9-4FDC-A8DD-F0CFFCD614EB}.Debug|Any CPU.Build.0 = Debug|Any CPU
		{A2E39F65-C4B9-4FDC-A8DD-F0CFFCD614EB}.Release|Any CPU.ActiveCfg = Release|Any CPU
		{A2E39F65-C4B9-4FDC-A8DD-F0CFFCD614EB}.Release|Any CPU.Build.0 = Release|Any CPU
	EndGlobalSection
	GlobalSection(NestedProjects) = preSolution
		{2F971888-0990-4E28-90FB-88EEE9086F8E} = {DEADEED1-1CB5-4B17-92AB-89CCDB3C00DE}
		{1C9D6E0C-4104-4CE5-82AB-F6308BA670A8} = {DEADEED1-1CB5-4B17-92AB-89CCDB3C00DE}
		{490474AE-895B-42E5-8799-778F628370E3} = {10770D01-5AC9-4148-B0CD-C240D41D1977}
		{28E96FDD-CCEE-414E-A254-E1A7B319EDB0} = {10770D01-5AC9-4148-B0CD-C240D41D1977}
		{D338A4D6-F9F8-47E0-B04B-6D701D943B27} = {10770D01-5AC9-4148-B0CD-C240D41D1977}
		{595E5BAC-60C4-47BF-9D2A-CED6B78D0E61} = {10770D01-5AC9-4148-B0CD-C240D41D1977}
		{07B63E35-E2CD-4655-838D-3C3B98520B21} = {10770D01-5AC9-4148-B0CD-C240D41D1977}
		{DA5CC101-9BF3-45DD-A703-394E7CF5F1C1} = {10770D01-5AC9-4148-B0CD-C240D41D1977}
		{7725B3F1-E065-405F-AF26-1109C201996E} = {10770D01-5AC9-4148-B0CD-C240D41D1977}
		{D940A283-347B-4AA2-A494-624285C8BB62} = {238CC835-A1B5-44A7-B871-F1615DCB3C71}
		{A2E39F65-C4B9-4FDC-A8DD-F0CFFCD614EB} = {DEADEED1-1CB5-4B17-92AB-89CCDB3C00DE}
	EndGlobalSection
EndGlobal
